// !$*UTF8*$!
{
	archiveVersion = 1;
	classes = {
	};
	objectVersion = 51;
	objects = {

/* Begin PBXBuildFile section */
		8C3AEB3529605D22D1D8EF22 /* libPods-MessageMe.a in Frameworks */ = {isa = PBXBuildFile; fileRef = 60293CBF930D01A82AF3B268 /* libPods-MessageMe.a */; };
		CBE00C7D2358800D00324807 /* AppDelegate.swift in Sources */ = {isa = PBXBuildFile; fileRef = CBE00C7C2358800D00324807 /* AppDelegate.swift */; };
		CBE00C7F2358800D00324807 /* SceneDelegate.swift in Sources */ = {isa = PBXBuildFile; fileRef = CBE00C7E2358800D00324807 /* SceneDelegate.swift */; };
		CBE00C842358800D00324807 /* Main.storyboard in Resources */ = {isa = PBXBuildFile; fileRef = CBE00C822358800D00324807 /* Main.storyboard */; };
		CBE00C872358800D00324807 /* MessageMe.xcdatamodeld in Sources */ = {isa = PBXBuildFile; fileRef = CBE00C852358800D00324807 /* MessageMe.xcdatamodeld */; };
		CBE00C892358800E00324807 /* Assets.xcassets in Resources */ = {isa = PBXBuildFile; fileRef = CBE00C882358800E00324807 /* Assets.xcassets */; };
		CBE00C8C2358800E00324807 /* LaunchScreen.storyboard in Resources */ = {isa = PBXBuildFile; fileRef = CBE00C8A2358800E00324807 /* LaunchScreen.storyboard */; };
		CBE00C98235885B900324807 /* NameViewController.swift in Sources */ = {isa = PBXBuildFile; fileRef = CBE00C97235885B900324807 /* NameViewController.swift */; };
		CBE00C9A235885EF00324807 /* MessagingViewController.swift in Sources */ = {isa = PBXBuildFile; fileRef = CBE00C99235885EF00324807 /* MessagingViewController.swift */; };
		CBE00C9D235897FB00324807 /* TitleLabel.swift in Sources */ = {isa = PBXBuildFile; fileRef = CBE00C9C235897FB00324807 /* TitleLabel.swift */; };
		CBE00C9F2358B4AF00324807 /* Person.swift in Sources */ = {isa = PBXBuildFile; fileRef = CBE00C9E2358B4AF00324807 /* Person.swift */; };
		CBE00CA22359AE3F00324807 /* MessageTableViewCell.swift in Sources */ = {isa = PBXBuildFile; fileRef = CBE00CA12359AE3F00324807 /* MessageTableViewCell.swift */; };
		CBE00CA42359B36100324807 /* Message.swift in Sources */ = {isa = PBXBuildFile; fileRef = CBE00CA32359B36100324807 /* Message.swift */; };
		CBE00CA62359DA1700324807 /* GoogleService-Info.plist in Resources */ = {isa = PBXBuildFile; fileRef = CBE00CA52359DA1700324807 /* GoogleService-Info.plist */; };
/* End PBXBuildFile section */

/* Begin PBXFileReference section */
		2B110875083D4E95E2E39D15 /* Pods-MessageMe.debug.xcconfig */ = {isa = PBXFileReference; includeInIndex = 1; lastKnownFileType = text.xcconfig; name = "Pods-MessageMe.debug.xcconfig"; path = "Target Support Files/Pods-MessageMe/Pods-MessageMe.debug.xcconfig"; sourceTree = "<group>"; };
		60293CBF930D01A82AF3B268 /* libPods-MessageMe.a */ = {isa = PBXFileReference; explicitFileType = archive.ar; includeInIndex = 0; path = "libPods-MessageMe.a"; sourceTree = BUILT_PRODUCTS_DIR; };
		6F6BE338A5891081FB30BE23 /* Pods-MessageMe.release.xcconfig */ = {isa = PBXFileReference; includeInIndex = 1; lastKnownFileType = text.xcconfig; name = "Pods-MessageMe.release.xcconfig"; path = "Target Support Files/Pods-MessageMe/Pods-MessageMe.release.xcconfig"; sourceTree = "<group>"; };
		CBE00C792358800D00324807 /* MessageMe.app */ = {isa = PBXFileReference; explicitFileType = wrapper.application; includeInIndex = 0; path = MessageMe.app; sourceTree = BUILT_PRODUCTS_DIR; };
		CBE00C7C2358800D00324807 /* AppDelegate.swift */ = {isa = PBXFileReference; lastKnownFileType = sourcecode.swift; path = AppDelegate.swift; sourceTree = "<group>"; };
		CBE00C7E2358800D00324807 /* SceneDelegate.swift */ = {isa = PBXFileReference; lastKnownFileType = sourcecode.swift; path = SceneDelegate.swift; sourceTree = "<group>"; };
		CBE00C832358800D00324807 /* Base */ = {isa = PBXFileReference; lastKnownFileType = file.storyboard; name = Base; path = Base.lproj/Main.storyboard; sourceTree = "<group>"; };
		CBE00C862358800D00324807 /* MessageMe.xcdatamodel */ = {isa = PBXFileReference; lastKnownFileType = wrapper.xcdatamodel; path = MessageMe.xcdatamodel; sourceTree = "<group>"; };
		CBE00C882358800E00324807 /* Assets.xcassets */ = {isa = PBXFileReference; lastKnownFileType = folder.assetcatalog; path = Assets.xcassets; sourceTree = "<group>"; };
		CBE00C8B2358800E00324807 /* Base */ = {isa = PBXFileReference; lastKnownFileType = file.storyboard; name = Base; path = Base.lproj/LaunchScreen.storyboard; sourceTree = "<group>"; };
		CBE00C8D2358800E00324807 /* Info.plist */ = {isa = PBXFileReference; lastKnownFileType = text.plist.xml; path = Info.plist; sourceTree = "<group>"; };
		CBE00C97235885B900324807 /* NameViewController.swift */ = {isa = PBXFileReference; lastKnownFileType = sourcecode.swift; path = NameViewController.swift; sourceTree = "<group>"; };
		CBE00C99235885EF00324807 /* MessagingViewController.swift */ = {isa = PBXFileReference; lastKnownFileType = sourcecode.swift; path = MessagingViewController.swift; sourceTree = "<group>"; };
		CBE00C9C235897FB00324807 /* TitleLabel.swift */ = {isa = PBXFileReference; lastKnownFileType = sourcecode.swift; path = TitleLabel.swift; sourceTree = "<group>"; };
		CBE00C9E2358B4AF00324807 /* Person.swift */ = {isa = PBXFileReference; lastKnownFileType = sourcecode.swift; path = Person.swift; sourceTree = "<group>"; };
		CBE00CA12359AE3F00324807 /* MessageTableViewCell.swift */ = {isa = PBXFileReference; lastKnownFileType = sourcecode.swift; path = MessageTableViewCell.swift; sourceTree = "<group>"; };
		CBE00CA32359B36100324807 /* Message.swift */ = {isa = PBXFileReference; lastKnownFileType = sourcecode.swift; path = Message.swift; sourceTree = "<group>"; };
		CBE00CA52359DA1700324807 /* GoogleService-Info.plist */ = {isa = PBXFileReference; fileEncoding = 4; lastKnownFileType = text.plist.xml; path = "GoogleService-Info.plist"; sourceTree = "<group>"; };
/* End PBXFileReference section */

/* Begin PBXFrameworksBuildPhase section */
		CBE00C762358800C00324807 /* Frameworks */ = {
			isa = PBXFrameworksBuildPhase;
			buildActionMask = 2147483647;
			files = (
				8C3AEB3529605D22D1D8EF22 /* libPods-MessageMe.a in Frameworks */,
			);
			runOnlyForDeploymentPostprocessing = 0;
		};
/* End PBXFrameworksBuildPhase section */

/* Begin PBXGroup section */
		0B1E3FF90B853B308F879C9E /* Pods */ = {
			isa = PBXGroup;
			children = (
				2B110875083D4E95E2E39D15 /* Pods-MessageMe.debug.xcconfig */,
				6F6BE338A5891081FB30BE23 /* Pods-MessageMe.release.xcconfig */,
			);
			path = Pods;
			sourceTree = "<group>";
		};
		307D10018866A90C1DD11BA9 /* Frameworks */ = {
			isa = PBXGroup;
			children = (
				60293CBF930D01A82AF3B268 /* libPods-MessageMe.a */,
			);
			name = Frameworks;
			sourceTree = "<group>";
		};
		CBE00C702358800C00324807 = {
			isa = PBXGroup;
			children = (
				CBE00C7B2358800D00324807 /* MessageMe */,
				CBE00C7A2358800D00324807 /* Products */,
				0B1E3FF90B853B308F879C9E /* Pods */,
				307D10018866A90C1DD11BA9 /* Frameworks */,
			);
			sourceTree = "<group>";
		};
		CBE00C7A2358800D00324807 /* Products */ = {
			isa = PBXGroup;
			children = (
				CBE00C792358800D00324807 /* MessageMe.app */,
			);
			name = Products;
			sourceTree = "<group>";
		};
		CBE00C7B2358800D00324807 /* MessageMe */ = {
			isa = PBXGroup;
			children = (
				CBE00C962358841800324807 /* Supporting files */,
				CBE00C952358834500324807 /* Controller */,
				CBE00C942358833F00324807 /* View */,
				CBE00C932358833700324807 /* Model */,
				CBE00C7C2358800D00324807 /* AppDelegate.swift */,
				CBE00C7E2358800D00324807 /* SceneDelegate.swift */,
				CBE00C822358800D00324807 /* Main.storyboard */,
				CBE00C8A2358800E00324807 /* LaunchScreen.storyboard */,
			);
			path = MessageMe;
			sourceTree = "<group>";
		};
		CBE00C932358833700324807 /* Model */ = {
			isa = PBXGroup;
			children = (
				CBE00C9E2358B4AF00324807 /* Person.swift */,
				CBE00CA32359B36100324807 /* Message.swift */,
			);
			path = Model;
			sourceTree = "<group>";
		};
		CBE00C942358833F00324807 /* View */ = {
			isa = PBXGroup;
			children = (
				CBE00CA02359ADEE00324807 /* Cell */,
				CBE00C9B235897B400324807 /* Label */,
			);
			path = View;
			sourceTree = "<group>";
		};
		CBE00C952358834500324807 /* Controller */ = {
			isa = PBXGroup;
			children = (
				CBE00C97235885B900324807 /* NameViewController.swift */,
				CBE00C99235885EF00324807 /* MessagingViewController.swift */,
			);
			path = Controller;
			sourceTree = "<group>";
		};
		CBE00C962358841800324807 /* Supporting files */ = {
			isa = PBXGroup;
			children = (
				CBE00C882358800E00324807 /* Assets.xcassets */,
				CBE00C8D2358800E00324807 /* Info.plist */,
				CBE00C852358800D00324807 /* MessageMe.xcdatamodeld */,
				CBE00CA52359DA1700324807 /* GoogleService-Info.plist */,
			);
			path = "Supporting files";
			sourceTree = "<group>";
		};
		CBE00C9B235897B400324807 /* Label */ = {
			isa = PBXGroup;
			children = (
				CBE00C9C235897FB00324807 /* TitleLabel.swift */,
			);
			path = Label;
			sourceTree = "<group>";
		};
		CBE00CA02359ADEE00324807 /* Cell */ = {
			isa = PBXGroup;
			children = (
				CBE00CA12359AE3F00324807 /* MessageTableViewCell.swift */,
			);
			path = Cell;
			sourceTree = "<group>";
		};
/* End PBXGroup section */

/* Begin PBXNativeTarget section */
		CBE00C782358800C00324807 /* MessageMe */ = {
			isa = PBXNativeTarget;
			buildConfigurationList = CBE00C902358800E00324807 /* Build configuration list for PBXNativeTarget "MessageMe" */;
			buildPhases = (
				F9B175DF35965AB00D45F047 /* [CP] Check Pods Manifest.lock */,
				CBE00C752358800C00324807 /* Sources */,
				CBE00C762358800C00324807 /* Frameworks */,
				CBE00C772358800C00324807 /* Resources */,
				BF61A317CDA23601F5AF8DD8 /* [CP] Copy Pods Resources */,
			);
			buildRules = (
			);
			dependencies = (
			);
			name = MessageMe;
			productName = MessageMe;
			productReference = CBE00C792358800D00324807 /* MessageMe.app */;
			productType = "com.apple.product-type.application";
		};
/* End PBXNativeTarget section */

/* Begin PBXProject section */
		CBE00C712358800C00324807 /* Project object */ = {
			isa = PBXProject;
			attributes = {
				LastSwiftUpdateCheck = 1110;
				LastUpgradeCheck = 1110;
				ORGANIZATIONNAME = STRV;
				TargetAttributes = {
					CBE00C782358800C00324807 = {
						CreatedOnToolsVersion = 11.1;
					};
				};
			};
			buildConfigurationList = CBE00C742358800C00324807 /* Build configuration list for PBXProject "MessageMe" */;
			compatibilityVersion = "Xcode 9.3";
			developmentRegion = en;
			hasScannedForEncodings = 0;
			knownRegions = (
				en,
				Base,
			);
			mainGroup = CBE00C702358800C00324807;
			productRefGroup = CBE00C7A2358800D00324807 /* Products */;
			projectDirPath = "";
			projectRoot = "";
			targets = (
				CBE00C782358800C00324807 /* MessageMe */,
			);
		};
/* End PBXProject section */

/* Begin PBXResourcesBuildPhase section */
		CBE00C772358800C00324807 /* Resources */ = {
			isa = PBXResourcesBuildPhase;
			buildActionMask = 2147483647;
			files = (
				CBE00C8C2358800E00324807 /* LaunchScreen.storyboard in Resources */,
				CBE00CA62359DA1700324807 /* GoogleService-Info.plist in Resources */,
				CBE00C892358800E00324807 /* Assets.xcassets in Resources */,
				CBE00C842358800D00324807 /* Main.storyboard in Resources */,
			);
			runOnlyForDeploymentPostprocessing = 0;
		};
/* End PBXResourcesBuildPhase section */

/* Begin PBXShellScriptBuildPhase section */
		BF61A317CDA23601F5AF8DD8 /* [CP] Copy Pods Resources */ = {
			isa = PBXShellScriptBuildPhase;
			buildActionMask = 2147483647;
			files = (
			);
			inputFileListPaths = (
				"${PODS_ROOT}/Target Support Files/Pods-MessageMe/Pods-MessageMe-resources-${CONFIGURATION}-input-files.xcfilelist",
			);
			name = "[CP] Copy Pods Resources";
			outputFileListPaths = (
				"${PODS_ROOT}/Target Support Files/Pods-MessageMe/Pods-MessageMe-resources-${CONFIGURATION}-output-files.xcfilelist",
			);
			runOnlyForDeploymentPostprocessing = 0;
			shellPath = /bin/sh;
			shellScript = "\"${PODS_ROOT}/Target Support Files/Pods-MessageMe/Pods-MessageMe-resources.sh\"\n";
			showEnvVarsInLog = 0;
		};
		F9B175DF35965AB00D45F047 /* [CP] Check Pods Manifest.lock */ = {
			isa = PBXShellScriptBuildPhase;
			buildActionMask = 2147483647;
			files = (
			);
			inputFileListPaths = (
			);
			inputPaths = (
				"${PODS_PODFILE_DIR_PATH}/Podfile.lock",
				"${PODS_ROOT}/Manifest.lock",
			);
			name = "[CP] Check Pods Manifest.lock";
			outputFileListPaths = (
			);
			outputPaths = (
				"$(DERIVED_FILE_DIR)/Pods-MessageMe-checkManifestLockResult.txt",
			);
			runOnlyForDeploymentPostprocessing = 0;
			shellPath = /bin/sh;
			shellScript = "diff \"${PODS_PODFILE_DIR_PATH}/Podfile.lock\" \"${PODS_ROOT}/Manifest.lock\" > /dev/null\nif [ $? != 0 ] ; then\n    # print error to STDERR\n    echo \"error: The sandbox is not in sync with the Podfile.lock. Run 'pod install' or update your CocoaPods installation.\" >&2\n    exit 1\nfi\n# This output is used by Xcode 'outputs' to avoid re-running this script phase.\necho \"SUCCESS\" > \"${SCRIPT_OUTPUT_FILE_0}\"\n";
			showEnvVarsInLog = 0;
		};
/* End PBXShellScriptBuildPhase section */

/* Begin PBXSourcesBuildPhase section */
		CBE00C752358800C00324807 /* Sources */ = {
			isa = PBXSourcesBuildPhase;
			buildActionMask = 2147483647;
			files = (
				CBE00C872358800D00324807 /* MessageMe.xcdatamodeld in Sources */,
				CBE00C7D2358800D00324807 /* AppDelegate.swift in Sources */,
				CBE00C7F2358800D00324807 /* SceneDelegate.swift in Sources */,
				CBE00CA42359B36100324807 /* Message.swift in Sources */,
				CBE00C9A235885EF00324807 /* MessagingViewController.swift in Sources */,
				CBE00C9F2358B4AF00324807 /* Person.swift in Sources */,
				CBE00CA22359AE3F00324807 /* MessageTableViewCell.swift in Sources */,
				CBE00C98235885B900324807 /* NameViewController.swift in Sources */,
				CBE00C9D235897FB00324807 /* TitleLabel.swift in Sources */,
			);
			runOnlyForDeploymentPostprocessing = 0;
		};
/* End PBXSourcesBuildPhase section */

/* Begin PBXVariantGroup section */
		CBE00C822358800D00324807 /* Main.storyboard */ = {
			isa = PBXVariantGroup;
			children = (
				CBE00C832358800D00324807 /* Base */,
			);
			name = Main.storyboard;
			sourceTree = "<group>";
		};
		CBE00C8A2358800E00324807 /* LaunchScreen.storyboard */ = {
			isa = PBXVariantGroup;
			children = (
				CBE00C8B2358800E00324807 /* Base */,
			);
			name = LaunchScreen.storyboard;
			sourceTree = "<group>";
		};
/* End PBXVariantGroup section */

/* Begin XCBuildConfiguration section */
		CBE00C8E2358800E00324807 /* Debug */ = {
			isa = XCBuildConfiguration;
			buildSettings = {
				ALWAYS_SEARCH_USER_PATHS = NO;
				CLANG_ANALYZER_NONNULL = YES;
				CLANG_ANALYZER_NUMBER_OBJECT_CONVERSION = YES_AGGRESSIVE;
				CLANG_CXX_LANGUAGE_STANDARD = "gnu++14";
				CLANG_CXX_LIBRARY = "libc++";
				CLANG_ENABLE_MODULES = YES;
				CLANG_ENABLE_OBJC_ARC = YES;
				CLANG_ENABLE_OBJC_WEAK = YES;
				CLANG_WARN_BLOCK_CAPTURE_AUTORELEASING = YES;
				CLANG_WARN_BOOL_CONVERSION = YES;
				CLANG_WARN_COMMA = YES;
				CLANG_WARN_CONSTANT_CONVERSION = YES;
				CLANG_WARN_DEPRECATED_OBJC_IMPLEMENTATIONS = YES;
				CLANG_WARN_DIRECT_OBJC_ISA_USAGE = YES_ERROR;
				CLANG_WARN_DOCUMENTATION_COMMENTS = YES;
				CLANG_WARN_EMPTY_BODY = YES;
				CLANG_WARN_ENUM_CONVERSION = YES;
				CLANG_WARN_INFINITE_RECURSION = YES;
				CLANG_WARN_INT_CONVERSION = YES;
				CLANG_WARN_NON_LITERAL_NULL_CONVERSION = YES;
				CLANG_WARN_OBJC_IMPLICIT_RETAIN_SELF = YES;
				CLANG_WARN_OBJC_LITERAL_CONVERSION = YES;
				CLANG_WARN_OBJC_ROOT_CLASS = YES_ERROR;
				CLANG_WARN_RANGE_LOOP_ANALYSIS = YES;
				CLANG_WARN_STRICT_PROTOTYPES = YES;
				CLANG_WARN_SUSPICIOUS_MOVE = YES;
				CLANG_WARN_UNGUARDED_AVAILABILITY = YES_AGGRESSIVE;
				CLANG_WARN_UNREACHABLE_CODE = YES;
				CLANG_WARN__DUPLICATE_METHOD_MATCH = YES;
				COPY_PHASE_STRIP = NO;
				DEBUG_INFORMATION_FORMAT = dwarf;
				ENABLE_STRICT_OBJC_MSGSEND = YES;
				ENABLE_TESTABILITY = YES;
				GCC_C_LANGUAGE_STANDARD = gnu11;
				GCC_DYNAMIC_NO_PIC = NO;
				GCC_NO_COMMON_BLOCKS = YES;
				GCC_OPTIMIZATION_LEVEL = 0;
				GCC_PREPROCESSOR_DEFINITIONS = (
					"DEBUG=1",
					"$(inherited)",
				);
				GCC_WARN_64_TO_32_BIT_CONVERSION = YES;
				GCC_WARN_ABOUT_RETURN_TYPE = YES_ERROR;
				GCC_WARN_UNDECLARED_SELECTOR = YES;
				GCC_WARN_UNINITIALIZED_AUTOS = YES_AGGRESSIVE;
				GCC_WARN_UNUSED_FUNCTION = YES;
				GCC_WARN_UNUSED_VARIABLE = YES;
				IPHONEOS_DEPLOYMENT_TARGET = 13.0;
				MTL_ENABLE_DEBUG_INFO = INCLUDE_SOURCE;
				MTL_FAST_MATH = YES;
				ONLY_ACTIVE_ARCH = YES;
				SDKROOT = iphoneos;
				SWIFT_ACTIVE_COMPILATION_CONDITIONS = DEBUG;
				SWIFT_OPTIMIZATION_LEVEL = "-Onone";
			};
			name = Debug;
		};
		CBE00C8F2358800E00324807 /* Release */ = {
			isa = XCBuildConfiguration;
			buildSettings = {
				ALWAYS_SEARCH_USER_PATHS = NO;
				CLANG_ANALYZER_NONNULL = YES;
				CLANG_ANALYZER_NUMBER_OBJECT_CONVERSION = YES_AGGRESSIVE;
				CLANG_CXX_LANGUAGE_STANDARD = "gnu++14";
				CLANG_CXX_LIBRARY = "libc++";
				CLANG_ENABLE_MODULES = YES;
				CLANG_ENABLE_OBJC_ARC = YES;
				CLANG_ENABLE_OBJC_WEAK = YES;
				CLANG_WARN_BLOCK_CAPTURE_AUTORELEASING = YES;
				CLANG_WARN_BOOL_CONVERSION = YES;
				CLANG_WARN_COMMA = YES;
				CLANG_WARN_CONSTANT_CONVERSION = YES;
				CLANG_WARN_DEPRECATED_OBJC_IMPLEMENTATIONS = YES;
				CLANG_WARN_DIRECT_OBJC_ISA_USAGE = YES_ERROR;
				CLANG_WARN_DOCUMENTATION_COMMENTS = YES;
				CLANG_WARN_EMPTY_BODY = YES;
				CLANG_WARN_ENUM_CONVERSION = YES;
				CLANG_WARN_INFINITE_RECURSION = YES;
				CLANG_WARN_INT_CONVERSION = YES;
				CLANG_WARN_NON_LITERAL_NULL_CONVERSION = YES;
				CLANG_WARN_OBJC_IMPLICIT_RETAIN_SELF = YES;
				CLANG_WARN_OBJC_LITERAL_CONVERSION = YES;
				CLANG_WARN_OBJC_ROOT_CLASS = YES_ERROR;
				CLANG_WARN_RANGE_LOOP_ANALYSIS = YES;
				CLANG_WARN_STRICT_PROTOTYPES = YES;
				CLANG_WARN_SUSPICIOUS_MOVE = YES;
				CLANG_WARN_UNGUARDED_AVAILABILITY = YES_AGGRESSIVE;
				CLANG_WARN_UNREACHABLE_CODE = YES;
				CLANG_WARN__DUPLICATE_METHOD_MATCH = YES;
				COPY_PHASE_STRIP = NO;
				DEBUG_INFORMATION_FORMAT = "dwarf-with-dsym";
				ENABLE_NS_ASSERTIONS = NO;
				ENABLE_STRICT_OBJC_MSGSEND = YES;
				GCC_C_LANGUAGE_STANDARD = gnu11;
				GCC_NO_COMMON_BLOCKS = YES;
				GCC_WARN_64_TO_32_BIT_CONVERSION = YES;
				GCC_WARN_ABOUT_RETURN_TYPE = YES_ERROR;
				GCC_WARN_UNDECLARED_SELECTOR = YES;
				GCC_WARN_UNINITIALIZED_AUTOS = YES_AGGRESSIVE;
				GCC_WARN_UNUSED_FUNCTION = YES;
				GCC_WARN_UNUSED_VARIABLE = YES;
				IPHONEOS_DEPLOYMENT_TARGET = 13.0;
				MTL_ENABLE_DEBUG_INFO = NO;
				MTL_FAST_MATH = YES;
				SDKROOT = iphoneos;
				SWIFT_COMPILATION_MODE = wholemodule;
				SWIFT_OPTIMIZATION_LEVEL = "-O";
				VALIDATE_PRODUCT = YES;
			};
			name = Release;
		};
		CBE00C912358800E00324807 /* Debug */ = {
			isa = XCBuildConfiguration;
			baseConfigurationReference = 2B110875083D4E95E2E39D15 /* Pods-MessageMe.debug.xcconfig */;
			buildSettings = {
				ASSETCATALOG_COMPILER_APPICON_NAME = AppIcon;
				CODE_SIGN_IDENTITY = "Apple Development";
				CODE_SIGN_STYLE = Automatic;
				DEVELOPMENT_TEAM = VYEBY6EBT7;
				INFOPLIST_FILE = "MessageMe/Supporting files/Info.plist";
				IPHONEOS_DEPLOYMENT_TARGET = 13.1;
				LD_RUNPATH_SEARCH_PATHS = (
					"$(inherited)",
					"@executable_path/Frameworks",
				);
				PRODUCT_BUNDLE_IDENTIFIER = ict.MessageMeTest;
				PRODUCT_NAME = "$(TARGET_NAME)";
				PROVISIONING_PROFILE_SPECIFIER = "";
				SWIFT_VERSION = 5.0;
				TARGETED_DEVICE_FAMILY = 1;
			};
			name = Debug;
		};
		CBE00C922358800E00324807 /* Release */ = {
			isa = XCBuildConfiguration;
			baseConfigurationReference = 6F6BE338A5891081FB30BE23 /* Pods-MessageMe.release.xcconfig */;
			buildSettings = {
				ASSETCATALOG_COMPILER_APPICON_NAME = AppIcon;
				CODE_SIGN_IDENTITY = "Apple Development";
				CODE_SIGN_STYLE = Automatic;
				DEVELOPMENT_TEAM = VYEBY6EBT7;
				INFOPLIST_FILE = "MessageMe/Supporting files/Info.plist";
				IPHONEOS_DEPLOYMENT_TARGET = 13.1;
				LD_RUNPATH_SEARCH_PATHS = (
					"$(inherited)",
					"@executable_path/Frameworks",
				);
				PRODUCT_BUNDLE_IDENTIFIER = ict.MessageMeTest;
				PRODUCT_NAME = "$(TARGET_NAME)";
				PROVISIONING_PROFILE_SPECIFIER = "";
				SWIFT_VERSION = 5.0;
				TARGETED_DEVICE_FAMILY = 1;
			};
			name = Release;
		};
/* End XCBuildConfiguration section */

/* Begin XCConfigurationList section */
		CBE00C742358800C00324807 /* Build configuration list for PBXProject "MessageMe" */ = {
			isa = XCConfigurationList;
			buildConfigurations = (
				CBE00C8E2358800E00324807 /* Debug */,
				CBE00C8F2358800E00324807 /* Release */,
			);
			defaultConfigurationIsVisible = 0;
			defaultConfigurationName = Release;
		};
		CBE00C902358800E00324807 /* Build configuration list for PBXNativeTarget "MessageMe" */ = {
			isa = XCConfigurationList;
			buildConfigurations = (
				CBE00C912358800E00324807 /* Debug */,
				CBE00C922358800E00324807 /* Release */,
			);
			defaultConfigurationIsVisible = 0;
			defaultConfigurationName = Release;
		};
/* End XCConfigurationList section */

/* Begin XCVersionGroup section */
		CBE00C852358800D00324807 /* MessageMe.xcdatamodeld */ = {
			isa = XCVersionGroup;
			children = (
				CBE00C862358800D00324807 /* MessageMe.xcdatamodel */,
			);
			currentVersion = CBE00C862358800D00324807 /* MessageMe.xcdatamodel */;
			path = MessageMe.xcdatamodeld;
			sourceTree = "<group>";
			versionGroupType = wrapper.xcdatamodel;
		};
/* End XCVersionGroup section */
	};
	rootObject = CBE00C712358800C00324807 /* Project object */;
}
